
Microsoft Visual Studio Solution File, Format Version 12.00
# Visual Studio 15
VisualStudioVersion = 15.0.28010.2046
MinimumVisualStudioVersion = 10.0.40219.1
Project("{FAE04EC0-301F-11D3-BF4B-00C04F79EFBC}") = "Festispec.App", "Festispec.App\Festispec.App.csproj", "{A35974DE-1586-4686-9C77-542640F06EB0}"
EndProject
Project("{9A19103F-16F7-4668-BE54-9A1E7A4F7556}") = "Festispec.Database", "Festispec.Database\Festispec.Database\Festispec.Database.csproj", "{5AF2DFF6-1BDD-4386-B3EE-5AE69E0DB39E}"
EndProject
Project("{9A19103F-16F7-4668-BE54-9A1E7A4F7556}") = "Festispec.Api", "Festispec.Api\Festispec.Api.csproj", "{BB2E391B-821D-43A2-8A64-03CE8288534E}"
EndProject
Project("{9A19103F-16F7-4668-BE54-9A1E7A4F7556}") = "Festispec.Domain", "Fesispec.Domain\Festispec.Domain.csproj", "{6AC69184-6F12-4765-8B35-DAB40E6B8FD7}"
EndProject
Project("{FAE04EC0-301F-11D3-BF4B-00C04F79EFBC}") = "Festispec.Tests", "Festispec.Tests\Festispec.Tests.csproj", "{A6EEFEB8-C1BF-4B1C-B453-4DD9E4BE1DE0}"
EndProject
Project("{FAE04EC0-301F-11D3-BF4B-00C04F79EFBC}") = "Festispec.ChartToPng", "Festispec.ChartToPng\Festispec.ChartToPng.csproj", "{B089FAD8-38D4-4E70-A3C3-3CE5151ABB64}"
EndProject
Global
	GlobalSection(SolutionConfigurationPlatforms) = preSolution
		Debug|Any CPU = Debug|Any CPU
		Release|Any CPU = Release|Any CPU
	EndGlobalSection
	GlobalSection(ProjectConfigurationPlatforms) = postSolution
		{A35974DE-1586-4686-9C77-542640F06EB0}.Debug|Any CPU.ActiveCfg = Debug|Any CPU
		{A35974DE-1586-4686-9C77-542640F06EB0}.Debug|Any CPU.Build.0 = Debug|Any CPU
		{A35974DE-1586-4686-9C77-542640F06EB0}.Release|Any CPU.ActiveCfg = Release|Any CPU
		{A35974DE-1586-4686-9C77-542640F06EB0}.Release|Any CPU.Build.0 = Release|Any CPU
		{5AF2DFF6-1BDD-4386-B3EE-5AE69E0DB39E}.Debug|Any CPU.ActiveCfg = Debug|Any CPU
		{5AF2DFF6-1BDD-4386-B3EE-5AE69E0DB39E}.Debug|Any CPU.Build.0 = Debug|Any CPU
		{5AF2DFF6-1BDD-4386-B3EE-5AE69E0DB39E}.Release|Any CPU.ActiveCfg = Release|Any CPU
		{5AF2DFF6-1BDD-4386-B3EE-5AE69E0DB39E}.Release|Any CPU.Build.0 = Release|Any CPU
		{BB2E391B-821D-43A2-8A64-03CE8288534E}.Debug|Any CPU.ActiveCfg = Debug|Any CPU
		{BB2E391B-821D-43A2-8A64-03CE8288534E}.Debug|Any CPU.Build.0 = Debug|Any CPU
		{BB2E391B-821D-43A2-8A64-03CE8288534E}.Release|Any CPU.ActiveCfg = Release|Any CPU
		{BB2E391B-821D-43A2-8A64-03CE8288534E}.Release|Any CPU.Build.0 = Release|Any CPU
		{6AC69184-6F12-4765-8B35-DAB40E6B8FD7}.Debug|Any CPU.ActiveCfg = Debug|Any CPU
		{6AC69184-6F12-4765-8B35-DAB40E6B8FD7}.Debug|Any CPU.Build.0 = Debug|Any CPU
		{6AC69184-6F12-4765-8B35-DAB40E6B8FD7}.Release|Any CPU.ActiveCfg = Release|Any CPU
		{6AC69184-6F12-4765-8B35-DAB40E6B8FD7}.Release|Any CPU.Build.0 = Release|Any CPU
		{A6EEFEB8-C1BF-4B1C-B453-4DD9E4BE1DE0}.Debug|Any CPU.ActiveCfg = Debug|Any CPU
		{A6EEFEB8-C1BF-4B1C-B453-4DD9E4BE1DE0}.Debug|Any CPU.Build.0 = Debug|Any CPU
		{A6EEFEB8-C1BF-4B1C-B453-4DD9E4BE1DE0}.Release|Any CPU.ActiveCfg = Release|Any CPU
		{A6EEFEB8-C1BF-4B1C-B453-4DD9E4BE1DE0}.Release|Any CPU.Build.0 = Release|Any CPU
		{B089FAD8-38D4-4E70-A3C3-3CE5151ABB64}.Debug|Any CPU.ActiveCfg = Debug|Any CPU
		{B089FAD8-38D4-4E70-A3C3-3CE5151ABB64}.Debug|Any CPU.Build.0 = Debug|Any CPU
		{B089FAD8-38D4-4E70-A3C3-3CE5151ABB64}.Release|Any CPU.ActiveCfg = Release|Any CPU
		{B089FAD8-38D4-4E70-A3C3-3CE5151ABB64}.Release|Any CPU.Build.0 = Release|Any CPU
	EndGlobalSection
	GlobalSection(SolutionProperties) = preSolution
		HideSolutionNode = FALSE
	EndGlobalSection
	GlobalSection(ExtensibilityGlobals) = postSolution
		SolutionGuid = {0B2CAD7C-7C33-4E7F-A422-0E10ADD764CB}
	EndGlobalSection
EndGlobal
